{
  "originHash" : "0d13110da37dbcc4da1873e869e4f4a3d09a4a5e766815a632190cdb4fb008b2",
  "pins" : [
    {
      "identity" : "biblekit",
      "kind" : "remoteSourceControl",
      "location" : "https://github.com/SwordReader/BibleKit.git",
      "state" : {
        "revision" : "8b2fc992bb9507e7a780c04ddd8c12ea81a1ae35",
        "version" : "0.3.2"
      }
    },
    {
      "identity" : "bibleui",
      "kind" : "remoteSourceControl",
      "location" : "https://github.com/SwordReader/BibleUI.git",
      "state" : {
        "revision" : "bb1c5a4fa89e13630b97059f5f220a56c26db851",
        "version" : "0.2.3"
      }
    },
    {
      "identity" : "swordkit",
      "kind" : "remoteSourceControl",
      "location" : "https://github.com/orbeavers14/SwordKit.git",
      "state" : {
        "revision" : "998ce4ae81def645a7c2d53053efc8866dc95daa",
        "version" : "0.6.1"
      }
    }
  ],
  "version" : 3
}
