{
  "originHash" : "0d13110da37dbcc4da1873e869e4f4a3d09a4a5e766815a632190cdb4fb008b2",
  "pins" : [
    {
      "identity" : "biblekit",
      "kind" : "remoteSourceControl",
      "location" : "https://github.com/SwordReader/BibleKit.git",
      "state" : {
        "revision" : "1c35680de5a7affb599a8cc0abce338c76b2d30c",
        "version" : "0.3.0"
      }
    },
    {
      "identity" : "bibleui",
      "kind" : "remoteSourceControl",
      "location" : "https://github.com/SwordReader/BibleUI.git",
      "state" : {
        "revision" : "d57f8400e460660ab019f0c2996adb6c19cce000",
        "version" : "0.2.0"
      }
    },
    {
      "identity" : "swordkit",
      "kind" : "remoteSourceControl",
      "location" : "https://github.com/orbeavers14/SwordKit.git",
      "state" : {
        "revision" : "998ce4ae81def645a7c2d53053efc8866dc95daa",
        "version" : "0.6.1"
      }
    }
  ],
  "version" : 3
}
