{
  "originHash" : "9d41e46031ecf91ebaa0cf75a301d048a25839a5673ab0ec46618fd9f137e040",
  "pins" : [
    {
      "identity" : "swordkit",
      "kind" : "remoteSourceControl",
      "location" : "https://github.com/orbeavers14/SwordKit.git",
      "state" : {
        "revision" : "998ce4ae81def645a7c2d53053efc8866dc95daa",
        "version" : "0.6.1"
      }
    }
  ],
  "version" : 3
}
